// !$*UTF8*$!
{
	archiveVersion = 1;
	classes = {
	};
	objectVersion = 56;
	objects = {

/* Begin PBXBuildFile section */
		674D0BA42CF398FE008C72D6 /* CoinsViewModelTest.swift in Sources */ = {isa = PBXBuildFile; fileRef = 674D0BA32CF398FE008C72D6 /* CoinsViewModelTest.swift */; };
		674D0BA52CF3AC3D008C72D6 /* TestData.swift in Sources */ = {isa = PBXBuildFile; fileRef = 67E60C072CF36FF20026CD88 /* TestData.swift */; };
		67E60BC92CF059370026CD88 /* NetworkingTutorialApp.swift in Sources */ = {isa = PBXBuildFile; fileRef = 67E60BC82CF059370026CD88 /* NetworkingTutorialApp.swift */; };
		67E60BCB2CF059370026CD88 /* ContentView.swift in Sources */ = {isa = PBXBuildFile; fileRef = 67E60BCA2CF059370026CD88 /* ContentView.swift */; };
		67E60BCD2CF059390026CD88 /* Assets.xcassets in Resources */ = {isa = PBXBuildFile; fileRef = 67E60BCC2CF059390026CD88 /* Assets.xcassets */; };
		67E60BD02CF059390026CD88 /* Preview Assets.xcassets in Resources */ = {isa = PBXBuildFile; fileRef = 67E60BCF2CF059390026CD88 /* Preview Assets.xcassets */; };
		67E60BDB2CF059A40026CD88 /* CoinsViewModel.swift in Sources */ = {isa = PBXBuildFile; fileRef = 67E60BDA2CF059A40026CD88 /* CoinsViewModel.swift */; };
		67E60BE02CF0E8130026CD88 /* CoinDataService.swift in Sources */ = {isa = PBXBuildFile; fileRef = 67E60BDF2CF0E8130026CD88 /* CoinDataService.swift */; };
		67E60BE22CF0FEBD0026CD88 /* Coin.swift in Sources */ = {isa = PBXBuildFile; fileRef = 67E60BE12CF0FEBD0026CD88 /* Coin.swift */; };
		67E60BE42CF11ACE0026CD88 /* CoinAPIError.swift in Sources */ = {isa = PBXBuildFile; fileRef = 67E60BE32CF11ACE0026CD88 /* CoinAPIError.swift */; };
		67E60BE82CF185D40026CD88 /* CoinDetailView.swift in Sources */ = {isa = PBXBuildFile; fileRef = 67E60BE72CF185D40026CD88 /* CoinDetailView.swift */; };
		67E60BEB2CF188D90026CD88 /* CoinDetails.swift in Sources */ = {isa = PBXBuildFile; fileRef = 67E60BEA2CF188D90026CD88 /* CoinDetails.swift */; };
		67E60BEE2CF18CE30026CD88 /* CoinDetailViewModel.swift in Sources */ = {isa = PBXBuildFile; fileRef = 67E60BED2CF18CE30026CD88 /* CoinDetailViewModel.swift */; };
		67E60BF22CF237C40026CD88 /* HTTPDataDownloader.swift in Sources */ = {isa = PBXBuildFile; fileRef = 67E60BF12CF237C40026CD88 /* HTTPDataDownloader.swift */; };
		67E60BF52CF2655B0026CD88 /* CoinDetailsCache.swift in Sources */ = {isa = PBXBuildFile; fileRef = 67E60BF42CF2655B0026CD88 /* CoinDetailsCache.swift */; };
		67E60BF72CF2E0640026CD88 /* MockCoinService.swift in Sources */ = {isa = PBXBuildFile; fileRef = 67E60BF62CF2E0640026CD88 /* MockCoinService.swift */; };
		67E60BFF2CF2F52F0026CD88 /* NetworkingTutorialTests.swift in Sources */ = {isa = PBXBuildFile; fileRef = 67E60BFE2CF2F52F0026CD88 /* NetworkingTutorialTests.swift */; };
		67E60C082CF36FF20026CD88 /* TestData.swift in Sources */ = {isa = PBXBuildFile; fileRef = 67E60C072CF36FF20026CD88 /* TestData.swift */; };
/* End PBXBuildFile section */

/* Begin PBXContainerItemProxy section */
		67E60C002CF2F52F0026CD88 /* PBXContainerItemProxy */ = {
			isa = PBXContainerItemProxy;
			containerPortal = 67E60BBD2CF059370026CD88 /* Project object */;
			proxyType = 1;
			remoteGlobalIDString = 67E60BC42CF059370026CD88;
			remoteInfo = NetworkingTutorial;
		};
/* End PBXContainerItemProxy section */

/* Begin PBXFileReference section */
		674D0BA32CF398FE008C72D6 /* CoinsViewModelTest.swift */ = {isa = PBXFileReference; lastKnownFileType = sourcecode.swift; path = CoinsViewModelTest.swift; sourceTree = "<group>"; };
		67E60BC52CF059370026CD88 /* NetworkingTutorial.app */ = {isa = PBXFileReference; explicitFileType = wrapper.application; includeInIndex = 0; path = NetworkingTutorial.app; sourceTree = BUILT_PRODUCTS_DIR; };
		67E60BC82CF059370026CD88 /* NetworkingTutorialApp.swift */ = {isa = PBXFileReference; lastKnownFileType = sourcecode.swift; path = NetworkingTutorialApp.swift; sourceTree = "<group>"; };
		67E60BCA2CF059370026CD88 /* ContentView.swift */ = {isa = PBXFileReference; lastKnownFileType = sourcecode.swift; path = ContentView.swift; sourceTree = "<group>"; };
		67E60BCC2CF059390026CD88 /* Assets.xcassets */ = {isa = PBXFileReference; lastKnownFileType = folder.assetcatalog; path = Assets.xcassets; sourceTree = "<group>"; };
		67E60BCF2CF059390026CD88 /* Preview Assets.xcassets */ = {isa = PBXFileReference; lastKnownFileType = folder.assetcatalog; path = "Preview Assets.xcassets"; sourceTree = "<group>"; };
		67E60BDA2CF059A40026CD88 /* CoinsViewModel.swift */ = {isa = PBXFileReference; lastKnownFileType = sourcecode.swift; path = CoinsViewModel.swift; sourceTree = "<group>"; };
		67E60BDF2CF0E8130026CD88 /* CoinDataService.swift */ = {isa = PBXFileReference; lastKnownFileType = sourcecode.swift; path = CoinDataService.swift; sourceTree = "<group>"; };
		67E60BE12CF0FEBD0026CD88 /* Coin.swift */ = {isa = PBXFileReference; lastKnownFileType = sourcecode.swift; path = Coin.swift; sourceTree = "<group>"; };
		67E60BE32CF11ACE0026CD88 /* CoinAPIError.swift */ = {isa = PBXFileReference; lastKnownFileType = sourcecode.swift; path = CoinAPIError.swift; sourceTree = "<group>"; };
		67E60BE72CF185D40026CD88 /* CoinDetailView.swift */ = {isa = PBXFileReference; lastKnownFileType = sourcecode.swift; path = CoinDetailView.swift; sourceTree = "<group>"; };
		67E60BEA2CF188D90026CD88 /* CoinDetails.swift */ = {isa = PBXFileReference; lastKnownFileType = sourcecode.swift; path = CoinDetails.swift; sourceTree = "<group>"; };
		67E60BED2CF18CE30026CD88 /* CoinDetailViewModel.swift */ = {isa = PBXFileReference; lastKnownFileType = sourcecode.swift; path = CoinDetailViewModel.swift; sourceTree = "<group>"; };
		67E60BF12CF237C40026CD88 /* HTTPDataDownloader.swift */ = {isa = PBXFileReference; lastKnownFileType = sourcecode.swift; path = HTTPDataDownloader.swift; sourceTree = "<group>"; };
		67E60BF42CF2655B0026CD88 /* CoinDetailsCache.swift */ = {isa = PBXFileReference; lastKnownFileType = sourcecode.swift; path = CoinDetailsCache.swift; sourceTree = "<group>"; };
		67E60BF62CF2E0640026CD88 /* MockCoinService.swift */ = {isa = PBXFileReference; lastKnownFileType = sourcecode.swift; path = MockCoinService.swift; sourceTree = "<group>"; };
		67E60BFC2CF2F52F0026CD88 /* NetworkingTutorialTests.xctest */ = {isa = PBXFileReference; explicitFileType = wrapper.cfbundle; includeInIndex = 0; path = NetworkingTutorialTests.xctest; sourceTree = BUILT_PRODUCTS_DIR; };
		67E60BFE2CF2F52F0026CD88 /* NetworkingTutorialTests.swift */ = {isa = PBXFileReference; lastKnownFileType = sourcecode.swift; path = NetworkingTutorialTests.swift; sourceTree = "<group>"; };
		67E60C072CF36FF20026CD88 /* TestData.swift */ = {isa = PBXFileReference; lastKnownFileType = sourcecode.swift; path = TestData.swift; sourceTree = "<group>"; };
/* End PBXFileReference section */

/* Begin PBXFrameworksBuildPhase section */
		67E60BC22CF059370026CD88 /* Frameworks */ = {
			isa = PBXFrameworksBuildPhase;
			buildActionMask = 2147483647;
			files = (
			);
			runOnlyForDeploymentPostprocessing = 0;
		};
		67E60BF92CF2F52F0026CD88 /* Frameworks */ = {
			isa = PBXFrameworksBuildPhase;
			buildActionMask = 2147483647;
			files = (
			);
			runOnlyForDeploymentPostprocessing = 0;
		};
/* End PBXFrameworksBuildPhase section */

/* Begin PBXGroup section */
		67E60BBC2CF059370026CD88 = {
			isa = PBXGroup;
			children = (
				67E60BC72CF059370026CD88 /* NetworkingTutorial */,
				67E60BFD2CF2F52F0026CD88 /* NetworkingTutorialTests */,
				67E60BC62CF059370026CD88 /* Products */,
			);
			sourceTree = "<group>";
		};
		67E60BC62CF059370026CD88 /* Products */ = {
			isa = PBXGroup;
			children = (
				67E60BC52CF059370026CD88 /* NetworkingTutorial.app */,
				67E60BFC2CF2F52F0026CD88 /* NetworkingTutorialTests.xctest */,
			);
			name = Products;
			sourceTree = "<group>";
		};
		67E60BC72CF059370026CD88 /* NetworkingTutorial */ = {
			isa = PBXGroup;
			children = (
				67E60BDC2CF0E7C80026CD88 /* App */,
				67E60BEF2CF2379E0026CD88 /* Shared */,
				67E60BDD2CF0E7D10026CD88 /* Core */,
				67E60BD62CF0595C0026CD88 /* Service */,
				67E60BCC2CF059390026CD88 /* Assets.xcassets */,
				67E60BCE2CF059390026CD88 /* Preview Content */,
			);
			path = NetworkingTutorial;
			sourceTree = "<group>";
		};
		67E60BCE2CF059390026CD88 /* Preview Content */ = {
			isa = PBXGroup;
			children = (
				67E60BCF2CF059390026CD88 /* Preview Assets.xcassets */,
			);
			path = "Preview Content";
			sourceTree = "<group>";
		};
		67E60BD62CF0595C0026CD88 /* Service */ = {
			isa = PBXGroup;
			children = (
				67E60BDF2CF0E8130026CD88 /* CoinDataService.swift */,
				67E60BF62CF2E0640026CD88 /* MockCoinService.swift */,
			);
			path = Service;
			sourceTree = "<group>";
		};
		67E60BD72CF059630026CD88 /* Views */ = {
			isa = PBXGroup;
			children = (
				67E60BCA2CF059370026CD88 /* ContentView.swift */,
			);
			path = Views;
			sourceTree = "<group>";
		};
		67E60BD82CF059670026CD88 /* ViewModels */ = {
			isa = PBXGroup;
			children = (
				67E60BDA2CF059A40026CD88 /* CoinsViewModel.swift */,
			);
			path = ViewModels;
			sourceTree = "<group>";
		};
		67E60BD92CF0596E0026CD88 /* Models */ = {
			isa = PBXGroup;
			children = (
				67E60BE12CF0FEBD0026CD88 /* Coin.swift */,
				67E60BE32CF11ACE0026CD88 /* CoinAPIError.swift */,
			);
			path = Models;
			sourceTree = "<group>";
		};
		67E60BDC2CF0E7C80026CD88 /* App */ = {
			isa = PBXGroup;
			children = (
				67E60BC82CF059370026CD88 /* NetworkingTutorialApp.swift */,
			);
			path = App;
			sourceTree = "<group>";
		};
		67E60BDD2CF0E7D10026CD88 /* Core */ = {
			isa = PBXGroup;
			children = (
				67E60BDE2CF0E7F30026CD88 /* AllCoins */,
				67E60BE52CF185920026CD88 /* CoinDetails */,
			);
			path = Core;
			sourceTree = "<group>";
		};
		67E60BDE2CF0E7F30026CD88 /* AllCoins */ = {
			isa = PBXGroup;
			children = (
				67E60BD92CF0596E0026CD88 /* Models */,
				67E60BD72CF059630026CD88 /* Views */,
				67E60BD82CF059670026CD88 /* ViewModels */,
			);
			path = AllCoins;
			sourceTree = "<group>";
		};
		67E60BE52CF185920026CD88 /* CoinDetails */ = {
			isa = PBXGroup;
			children = (
				67E60BF32CF265440026CD88 /* Cache */,
				67E60BE92CF188CC0026CD88 /* Model */,
				67E60BE62CF185C70026CD88 /* View */,
				67E60BEC2CF18C620026CD88 /* ViewModel */,
			);
			path = CoinDetails;
			sourceTree = "<group>";
		};
		67E60BE62CF185C70026CD88 /* View */ = {
			isa = PBXGroup;
			children = (
				67E60BE72CF185D40026CD88 /* CoinDetailView.swift */,
			);
			path = View;
			sourceTree = "<group>";
		};
		67E60BE92CF188CC0026CD88 /* Model */ = {
			isa = PBXGroup;
			children = (
				67E60BEA2CF188D90026CD88 /* CoinDetails.swift */,
			);
			path = Model;
			sourceTree = "<group>";
		};
		67E60BEC2CF18C620026CD88 /* ViewModel */ = {
			isa = PBXGroup;
			children = (
				67E60BED2CF18CE30026CD88 /* CoinDetailViewModel.swift */,
			);
			path = ViewModel;
			sourceTree = "<group>";
		};
		67E60BEF2CF2379E0026CD88 /* Shared */ = {
			isa = PBXGroup;
			children = (
				67E60BF02CF237A70026CD88 /* API */,
			);
			path = Shared;
			sourceTree = "<group>";
		};
		67E60BF02CF237A70026CD88 /* API */ = {
			isa = PBXGroup;
			children = (
				67E60BF12CF237C40026CD88 /* HTTPDataDownloader.swift */,
			);
			path = API;
			sourceTree = "<group>";
		};
		67E60BF32CF265440026CD88 /* Cache */ = {
			isa = PBXGroup;
			children = (
				67E60BF42CF2655B0026CD88 /* CoinDetailsCache.swift */,
			);
			path = Cache;
			sourceTree = "<group>";
		};
		67E60BFD2CF2F52F0026CD88 /* NetworkingTutorialTests */ = {
			isa = PBXGroup;
			children = (
				67E60BFE2CF2F52F0026CD88 /* NetworkingTutorialTests.swift */,
				67E60C072CF36FF20026CD88 /* TestData.swift */,
				674D0BA32CF398FE008C72D6 /* CoinsViewModelTest.swift */,
			);
			path = NetworkingTutorialTests;
			sourceTree = "<group>";
		};
/* End PBXGroup section */

/* Begin PBXNativeTarget section */
		67E60BC42CF059370026CD88 /* NetworkingTutorial */ = {
			isa = PBXNativeTarget;
			buildConfigurationList = 67E60BD32CF059390026CD88 /* Build configuration list for PBXNativeTarget "NetworkingTutorial" */;
			buildPhases = (
				67E60BC12CF059370026CD88 /* Sources */,
				67E60BC22CF059370026CD88 /* Frameworks */,
				67E60BC32CF059370026CD88 /* Resources */,
			);
			buildRules = (
			);
			dependencies = (
			);
			name = NetworkingTutorial;
			productName = NetworkingTutorial;
			productReference = 67E60BC52CF059370026CD88 /* NetworkingTutorial.app */;
			productType = "com.apple.product-type.application";
		};
		67E60BFB2CF2F52F0026CD88 /* NetworkingTutorialTests */ = {
			isa = PBXNativeTarget;
			buildConfigurationList = 67E60C022CF2F52F0026CD88 /* Build configuration list for PBXNativeTarget "NetworkingTutorialTests" */;
			buildPhases = (
				67E60BF82CF2F52F0026CD88 /* Sources */,
				67E60BF92CF2F52F0026CD88 /* Frameworks */,
				67E60BFA2CF2F52F0026CD88 /* Resources */,
			);
			buildRules = (
			);
			dependencies = (
				67E60C012CF2F52F0026CD88 /* PBXTargetDependency */,
			);
			name = NetworkingTutorialTests;
			productName = NetworkingTutorialTests;
			productReference = 67E60BFC2CF2F52F0026CD88 /* NetworkingTutorialTests.xctest */;
			productType = "com.apple.product-type.bundle.unit-test";
		};
/* End PBXNativeTarget section */

/* Begin PBXProject section */
		67E60BBD2CF059370026CD88 /* Project object */ = {
			isa = PBXProject;
			attributes = {
				BuildIndependentTargetsInParallel = 1;
				LastSwiftUpdateCheck = 1540;
				LastUpgradeCheck = 1540;
				TargetAttributes = {
					67E60BC42CF059370026CD88 = {
						CreatedOnToolsVersion = 15.4;
					};
					67E60BFB2CF2F52F0026CD88 = {
						CreatedOnToolsVersion = 15.4;
						TestTargetID = 67E60BC42CF059370026CD88;
					};
				};
			};
			buildConfigurationList = 67E60BC02CF059370026CD88 /* Build configuration list for PBXProject "NetworkingTutorial" */;
			compatibilityVersion = "Xcode 14.0";
			developmentRegion = en;
			hasScannedForEncodings = 0;
			knownRegions = (
				en,
				Base,
			);
			mainGroup = 67E60BBC2CF059370026CD88;
			productRefGroup = 67E60BC62CF059370026CD88 /* Products */;
			projectDirPath = "";
			projectRoot = "";
			targets = (
				67E60BC42CF059370026CD88 /* NetworkingTutorial */,
				67E60BFB2CF2F52F0026CD88 /* NetworkingTutorialTests */,
			);
		};
/* End PBXProject section */

/* Begin PBXResourcesBuildPhase section */
		67E60BC32CF059370026CD88 /* Resources */ = {
			isa = PBXResourcesBuildPhase;
			buildActionMask = 2147483647;
			files = (
				67E60BD02CF059390026CD88 /* Preview Assets.xcassets in Resources */,
				67E60BCD2CF059390026CD88 /* Assets.xcassets in Resources */,
			);
			runOnlyForDeploymentPostprocessing = 0;
		};
		67E60BFA2CF2F52F0026CD88 /* Resources */ = {
			isa = PBXResourcesBuildPhase;
			buildActionMask = 2147483647;
			files = (
			);
			runOnlyForDeploymentPostprocessing = 0;
		};
/* End PBXResourcesBuildPhase section */

/* Begin PBXSourcesBuildPhase section */
		67E60BC12CF059370026CD88 /* Sources */ = {
			isa = PBXSourcesBuildPhase;
			buildActionMask = 2147483647;
			files = (
				67E60BF72CF2E0640026CD88 /* MockCoinService.swift in Sources */,
				67E60BE42CF11ACE0026CD88 /* CoinAPIError.swift in Sources */,
				67E60BF52CF2655B0026CD88 /* CoinDetailsCache.swift in Sources */,
				67E60BE02CF0E8130026CD88 /* CoinDataService.swift in Sources */,
				674D0BA52CF3AC3D008C72D6 /* TestData.swift in Sources */,
				67E60BCB2CF059370026CD88 /* ContentView.swift in Sources */,
				67E60BEE2CF18CE30026CD88 /* CoinDetailViewModel.swift in Sources */,
				67E60BF22CF237C40026CD88 /* HTTPDataDownloader.swift in Sources */,
				67E60BEB2CF188D90026CD88 /* CoinDetails.swift in Sources */,
				67E60BC92CF059370026CD88 /* NetworkingTutorialApp.swift in Sources */,
				67E60BE22CF0FEBD0026CD88 /* Coin.swift in Sources */,
				67E60BDB2CF059A40026CD88 /* CoinsViewModel.swift in Sources */,
				67E60BE82CF185D40026CD88 /* CoinDetailView.swift in Sources */,
			);
			runOnlyForDeploymentPostprocessing = 0;
		};
		67E60BF82CF2F52F0026CD88 /* Sources */ = {
			isa = PBXSourcesBuildPhase;
			buildActionMask = 2147483647;
			files = (
				67E60BFF2CF2F52F0026CD88 /* NetworkingTutorialTests.swift in Sources */,
				67E60C082CF36FF20026CD88 /* TestData.swift in Sources */,
				674D0BA42CF398FE008C72D6 /* CoinsViewModelTest.swift in Sources */,
			);
			runOnlyForDeploymentPostprocessing = 0;
		};
/* End PBXSourcesBuildPhase section */

/* Begin PBXTargetDependency section */
		67E60C012CF2F52F0026CD88 /* PBXTargetDependency */ = {
			isa = PBXTargetDependency;
			target = 67E60BC42CF059370026CD88 /* NetworkingTutorial */;
			targetProxy = 67E60C002CF2F52F0026CD88 /* PBXContainerItemProxy */;
		};
/* End PBXTargetDependency section */

/* Begin XCBuildConfiguration section */
		67E60BD12CF059390026CD88 /* Debug */ = {
			isa = XCBuildConfiguration;
			buildSettings = {
				ALWAYS_SEARCH_USER_PATHS = NO;
				ASSETCATALOG_COMPILER_GENERATE_SWIFT_ASSET_SYMBOL_EXTENSIONS = YES;
				CLANG_ANALYZER_NONNULL = YES;
				CLANG_ANALYZER_NUMBER_OBJECT_CONVERSION = YES_AGGRESSIVE;
				CLANG_CXX_LANGUAGE_STANDARD = "gnu++20";
				CLANG_ENABLE_MODULES = YES;
				CLANG_ENABLE_OBJC_ARC = YES;
				CLANG_ENABLE_OBJC_WEAK = YES;
				CLANG_WARN_BLOCK_CAPTURE_AUTORELEASING = YES;
				CLANG_WARN_BOOL_CONVERSION = YES;
				CLANG_WARN_COMMA = YES;
				CLANG_WARN_CONSTANT_CONVERSION = YES;
				CLANG_WARN_DEPRECATED_OBJC_IMPLEMENTATIONS = YES;
				CLANG_WARN_DIRECT_OBJC_ISA_USAGE = YES_ERROR;
				CLANG_WARN_DOCUMENTATION_COMMENTS = YES;
				CLANG_WARN_EMPTY_BODY = YES;
				CLANG_WARN_ENUM_CONVERSION = YES;
				CLANG_WARN_INFINITE_RECURSION = YES;
				CLANG_WARN_INT_CONVERSION = YES;
				CLANG_WARN_NON_LITERAL_NULL_CONVERSION = YES;
				CLANG_WARN_OBJC_IMPLICIT_RETAIN_SELF = YES;
				CLANG_WARN_OBJC_LITERAL_CONVERSION = YES;
				CLANG_WARN_OBJC_ROOT_CLASS = YES_ERROR;
				CLANG_WARN_QUOTED_INCLUDE_IN_FRAMEWORK_HEADER = YES;
				CLANG_WARN_RANGE_LOOP_ANALYSIS = YES;
				CLANG_WARN_STRICT_PROTOTYPES = YES;
				CLANG_WARN_SUSPICIOUS_MOVE = YES;
				CLANG_WARN_UNGUARDED_AVAILABILITY = YES_AGGRESSIVE;
				CLANG_WARN_UNREACHABLE_CODE = YES;
				CLANG_WARN__DUPLICATE_METHOD_MATCH = YES;
				COPY_PHASE_STRIP = NO;
				DEBUG_INFORMATION_FORMAT = dwarf;
				ENABLE_STRICT_OBJC_MSGSEND = YES;
				ENABLE_TESTABILITY = YES;
				ENABLE_USER_SCRIPT_SANDBOXING = YES;
				GCC_C_LANGUAGE_STANDARD = gnu17;
				GCC_DYNAMIC_NO_PIC = NO;
				GCC_NO_COMMON_BLOCKS = YES;
				GCC_OPTIMIZATION_LEVEL = 0;
				GCC_PREPROCESSOR_DEFINITIONS = (
					"DEBUG=1",
					"$(inherited)",
				);
				GCC_WARN_64_TO_32_BIT_CONVERSION = YES;
				GCC_WARN_ABOUT_RETURN_TYPE = YES_ERROR;
				GCC_WARN_UNDECLARED_SELECTOR = YES;
				GCC_WARN_UNINITIALIZED_AUTOS = YES_AGGRESSIVE;
				GCC_WARN_UNUSED_FUNCTION = YES;
				GCC_WARN_UNUSED_VARIABLE = YES;
				IPHONEOS_DEPLOYMENT_TARGET = 17.5;
				LOCALIZATION_PREFERS_STRING_CATALOGS = YES;
				MTL_ENABLE_DEBUG_INFO = INCLUDE_SOURCE;
				MTL_FAST_MATH = YES;
				ONLY_ACTIVE_ARCH = YES;
				SDKROOT = iphoneos;
				SWIFT_ACTIVE_COMPILATION_CONDITIONS = "DEBUG $(inherited)";
				SWIFT_OPTIMIZATION_LEVEL = "-Onone";
			};
			name = Debug;
		};
		67E60BD22CF059390026CD88 /* Release */ = {
			isa = XCBuildConfiguration;
			buildSettings = {
				ALWAYS_SEARCH_USER_PATHS = NO;
				ASSETCATALOG_COMPILER_GENERATE_SWIFT_ASSET_SYMBOL_EXTENSIONS = YES;
				CLANG_ANALYZER_NONNULL = YES;
				CLANG_ANALYZER_NUMBER_OBJECT_CONVERSION = YES_AGGRESSIVE;
				CLANG_CXX_LANGUAGE_STANDARD = "gnu++20";
				CLANG_ENABLE_MODULES = YES;
				CLANG_ENABLE_OBJC_ARC = YES;
				CLANG_ENABLE_OBJC_WEAK = YES;
				CLANG_WARN_BLOCK_CAPTURE_AUTORELEASING = YES;
				CLANG_WARN_BOOL_CONVERSION = YES;
				CLANG_WARN_COMMA = YES;
				CLANG_WARN_CONSTANT_CONVERSION = YES;
				CLANG_WARN_DEPRECATED_OBJC_IMPLEMENTATIONS = YES;
				CLANG_WARN_DIRECT_OBJC_ISA_USAGE = YES_ERROR;
				CLANG_WARN_DOCUMENTATION_COMMENTS = YES;
				CLANG_WARN_EMPTY_BODY = YES;
				CLANG_WARN_ENUM_CONVERSION = YES;
				CLANG_WARN_INFINITE_RECURSION = YES;
				CLANG_WARN_INT_CONVERSION = YES;
				CLANG_WARN_NON_LITERAL_NULL_CONVERSION = YES;
				CLANG_WARN_OBJC_IMPLICIT_RETAIN_SELF = YES;
				CLANG_WARN_OBJC_LITERAL_CONVERSION = YES;
				CLANG_WARN_OBJC_ROOT_CLASS = YES_ERROR;
				CLANG_WARN_QUOTED_INCLUDE_IN_FRAMEWORK_HEADER = YES;
				CLANG_WARN_RANGE_LOOP_ANALYSIS = YES;
				CLANG_WARN_STRICT_PROTOTYPES = YES;
				CLANG_WARN_SUSPICIOUS_MOVE = YES;
				CLANG_WARN_UNGUARDED_AVAILABILITY = YES_AGGRESSIVE;
				CLANG_WARN_UNREACHABLE_CODE = YES;
				CLANG_WARN__DUPLICATE_METHOD_MATCH = YES;
				COPY_PHASE_STRIP = NO;
				DEBUG_INFORMATION_FORMAT = "dwarf-with-dsym";
				ENABLE_NS_ASSERTIONS = NO;
				ENABLE_STRICT_OBJC_MSGSEND = YES;
				ENABLE_USER_SCRIPT_SANDBOXING = YES;
				GCC_C_LANGUAGE_STANDARD = gnu17;
				GCC_NO_COMMON_BLOCKS = YES;
				GCC_WARN_64_TO_32_BIT_CONVERSION = YES;
				GCC_WARN_ABOUT_RETURN_TYPE = YES_ERROR;
				GCC_WARN_UNDECLARED_SELECTOR = YES;
				GCC_WARN_UNINITIALIZED_AUTOS = YES_AGGRESSIVE;
				GCC_WARN_UNUSED_FUNCTION = YES;
				GCC_WARN_UNUSED_VARIABLE = YES;
				IPHONEOS_DEPLOYMENT_TARGET = 17.5;
				LOCALIZATION_PREFERS_STRING_CATALOGS = YES;
				MTL_ENABLE_DEBUG_INFO = NO;
				MTL_FAST_MATH = YES;
				SDKROOT = iphoneos;
				SWIFT_COMPILATION_MODE = wholemodule;
				VALIDATE_PRODUCT = YES;
			};
			name = Release;
		};
		67E60BD42CF059390026CD88 /* Debug */ = {
			isa = XCBuildConfiguration;
			buildSettings = {
				ASSETCATALOG_COMPILER_APPICON_NAME = AppIcon;
				ASSETCATALOG_COMPILER_GLOBAL_ACCENT_COLOR_NAME = AccentColor;
				CODE_SIGN_STYLE = Automatic;
				CURRENT_PROJECT_VERSION = 1;
				DEVELOPMENT_ASSET_PATHS = "\"NetworkingTutorial/Preview Content\"";
				DEVELOPMENT_TEAM = L6M78ZXF68;
				ENABLE_PREVIEWS = YES;
				GENERATE_INFOPLIST_FILE = YES;
				INFOPLIST_KEY_UIApplicationSceneManifest_Generation = YES;
				INFOPLIST_KEY_UIApplicationSupportsIndirectInputEvents = YES;
				INFOPLIST_KEY_UILaunchScreen_Generation = YES;
				INFOPLIST_KEY_UISupportedInterfaceOrientations_iPad = "UIInterfaceOrientationPortrait UIInterfaceOrientationPortraitUpsideDown UIInterfaceOrientationLandscapeLeft UIInterfaceOrientationLandscapeRight";
				INFOPLIST_KEY_UISupportedInterfaceOrientations_iPhone = "UIInterfaceOrientationPortrait UIInterfaceOrientationLandscapeLeft UIInterfaceOrientationLandscapeRight";
				LD_RUNPATH_SEARCH_PATHS = (
					"$(inherited)",
					"@executable_path/Frameworks",
				);
				MARKETING_VERSION = 1.0;
				PRODUCT_BUNDLE_IDENTIFIER = com.anhdinh.NetworkingTutorial;
				PRODUCT_NAME = "$(TARGET_NAME)";
				SWIFT_EMIT_LOC_STRINGS = YES;
				SWIFT_VERSION = 5.0;
				TARGETED_DEVICE_FAMILY = "1,2";
			};
			name = Debug;
		};
		67E60BD52CF059390026CD88 /* Release */ = {
			isa = XCBuildConfiguration;
			buildSettings = {
				ASSETCATALOG_COMPILER_APPICON_NAME = AppIcon;
				ASSETCATALOG_COMPILER_GLOBAL_ACCENT_COLOR_NAME = AccentColor;
				CODE_SIGN_STYLE = Automatic;
				CURRENT_PROJECT_VERSION = 1;
				DEVELOPMENT_ASSET_PATHS = "\"NetworkingTutorial/Preview Content\"";
				DEVELOPMENT_TEAM = L6M78ZXF68;
				ENABLE_PREVIEWS = YES;
				GENERATE_INFOPLIST_FILE = YES;
				INFOPLIST_KEY_UIApplicationSceneManifest_Generation = YES;
				INFOPLIST_KEY_UIApplicationSupportsIndirectInputEvents = YES;
				INFOPLIST_KEY_UILaunchScreen_Generation = YES;
				INFOPLIST_KEY_UISupportedInterfaceOrientations_iPad = "UIInterfaceOrientationPortrait UIInterfaceOrientationPortraitUpsideDown UIInterfaceOrientationLandscapeLeft UIInterfaceOrientationLandscapeRight";
				INFOPLIST_KEY_UISupportedInterfaceOrientations_iPhone = "UIInterfaceOrientationPortrait UIInterfaceOrientationLandscapeLeft UIInterfaceOrientationLandscapeRight";
				LD_RUNPATH_SEARCH_PATHS = (
					"$(inherited)",
					"@executable_path/Frameworks",
				);
				MARKETING_VERSION = 1.0;
				PRODUCT_BUNDLE_IDENTIFIER = com.anhdinh.NetworkingTutorial;
				PRODUCT_NAME = "$(TARGET_NAME)";
				SWIFT_EMIT_LOC_STRINGS = YES;
				SWIFT_VERSION = 5.0;
				TARGETED_DEVICE_FAMILY = "1,2";
			};
			name = Release;
		};
		67E60C032CF2F52F0026CD88 /* Debug */ = {
			isa = XCBuildConfiguration;
			buildSettings = {
				BUNDLE_LOADER = "$(TEST_HOST)";
				CODE_SIGN_STYLE = Automatic;
				CURRENT_PROJECT_VERSION = 1;
				DEVELOPMENT_TEAM = L6M78ZXF68;
				GENERATE_INFOPLIST_FILE = YES;
				MARKETING_VERSION = 1.0;
				PRODUCT_BUNDLE_IDENTIFIER = com.anhdinh.NetworkingTutorialTests;
				PRODUCT_NAME = "$(TARGET_NAME)";
				SWIFT_EMIT_LOC_STRINGS = NO;
				SWIFT_VERSION = 5.0;
				TARGETED_DEVICE_FAMILY = "1,2";
				TEST_HOST = "$(BUILT_PRODUCTS_DIR)/NetworkingTutorial.app/$(BUNDLE_EXECUTABLE_FOLDER_PATH)/NetworkingTutorial";
			};
			name = Debug;
		};
		67E60C042CF2F52F0026CD88 /* Release */ = {
			isa = XCBuildConfiguration;
			buildSettings = {
				BUNDLE_LOADER = "$(TEST_HOST)";
				CODE_SIGN_STYLE = Automatic;
				CURRENT_PROJECT_VERSION = 1;
				DEVELOPMENT_TEAM = L6M78ZXF68;
				GENERATE_INFOPLIST_FILE = YES;
				MARKETING_VERSION = 1.0;
				PRODUCT_BUNDLE_IDENTIFIER = com.anhdinh.NetworkingTutorialTests;
				PRODUCT_NAME = "$(TARGET_NAME)";
				SWIFT_EMIT_LOC_STRINGS = NO;
				SWIFT_VERSION = 5.0;
				TARGETED_DEVICE_FAMILY = "1,2";
				TEST_HOST = "$(BUILT_PRODUCTS_DIR)/NetworkingTutorial.app/$(BUNDLE_EXECUTABLE_FOLDER_PATH)/NetworkingTutorial";
			};
			name = Release;
		};
/* End XCBuildConfiguration section */

/* Begin XCConfigurationList section */
		67E60BC02CF059370026CD88 /* Build configuration list for PBXProject "NetworkingTutorial" */ = {
			isa = XCConfigurationList;
			buildConfigurations = (
				67E60BD12CF059390026CD88 /* Debug */,
				67E60BD22CF059390026CD88 /* Release */,
			);
			defaultConfigurationIsVisible = 0;
			defaultConfigurationName = Release;
		};
		67E60BD32CF059390026CD88 /* Build configuration list for PBXNativeTarget "NetworkingTutorial" */ = {
			isa = XCConfigurationList;
			buildConfigurations = (
				67E60BD42CF059390026CD88 /* Debug */,
				67E60BD52CF059390026CD88 /* Release */,
			);
			defaultConfigurationIsVisible = 0;
			defaultConfigurationName = Release;
		};
		67E60C022CF2F52F0026CD88 /* Build configuration list for PBXNativeTarget "NetworkingTutorialTests" */ = {
			isa = XCConfigurationList;
			buildConfigurations = (
				67E60C032CF2F52F0026CD88 /* Debug */,
				67E60C042CF2F52F0026CD88 /* Release */,
			);
			defaultConfigurationIsVisible = 0;
			defaultConfigurationName = Release;
		};
/* End XCConfigurationList section */
	};
	rootObject = 67E60BBD2CF059370026CD88 /* Project object */;
}
